
Microsoft Visual Studio Solution File, Format Version 12.00
# Visual Studio Version 16
VisualStudioVersion = 16.0.31613.86
MinimumVisualStudioVersion = 10.0.40219.1
Project("{FAE04EC0-301F-11D3-BF4B-00C04F79EFBC}") = "RoofSegCSharp", "RoofSegCSharp.csproj", "{880911B9-A192-42BD-816E-B176033FB16A}"
EndProject
Global
	GlobalSection(SolutionConfigurationPlatforms) = preSolution
		Debug|Any CPU = Debug|Any CPU
		Release|Any CPU = Release|Any CPU
	EndGlobalSection
	GlobalSection(ProjectConfigurationPlatforms) = postSolution
		{880911B9-A192-42BD-816E-B176033FB16A}.Debug|Any CPU.ActiveCfg = Debug|Any CPU
		{880911B9-A192-42BD-816E-B176033FB16A}.Debug|Any CPU.Build.0 = Debug|Any CPU
		{880911B9-A192-42BD-816E-B176033FB16A}.Release|Any CPU.ActiveCfg = Release|Any CPU
		{880911B9-A192-42BD-816E-B176033FB16A}.Release|Any CPU.Build.0 = Release|Any CPU
	EndGlobalSection
	GlobalSection(SolutionProperties) = preSolution
		HideSolutionNode = FALSE
	EndGlobalSection
	GlobalSection(ExtensibilityGlobals) = postSolution
		SolutionGuid = {3D7AF504-72CF-4C36-BAD1-21286AFEF832}
	EndGlobalSection
EndGlobal
